
Microsoft Visual Studio Solution File, Format Version 12.00
# Visual Studio 14
VisualStudioVersion = 14.0.25420.1
MinimumVisualStudioVersion = 10.0.40219.1
Project("{FAE04EC0-301F-11D3-BF4B-00C04F79EFBC}") = "Home.Bills.Domain", "Home.Bills.Domain\Home.Bills.Domain.csproj", "{54329B4C-84D2-473C-8187-C900C8207948}"
EndProject
Project("{FAE04EC0-301F-11D3-BF4B-00C04F79EFBC}") = "Home.Bills.Domain.Tests", "Home.Bills.Domain.Tests\Home.Bills.Domain.Tests.csproj", "{F030EB37-BD84-4AF7-8B87-420E8C17F582}"
EndProject
Project("{FAE04EC0-301F-11D3-BF4B-00C04F79EFBC}") = "Frameworks.Light.Ddd", "Frameworks.Light.Ddd\Frameworks.Light.Ddd.csproj", "{8EB8E52D-0B05-41DB-B488-FC6D5E628E7D}"
EndProject
Project("{FAE04EC0-301F-11D3-BF4B-00C04F79EFBC}") = "Home.Bills.Payments.Domain", "Home.Bills.Payments.Domain\Home.Bills.Payments.Domain.csproj", "{6955C978-356F-4813-B0C5-7DF5A3B773B3}"
EndProject
Project("{8BB2217D-0F2D-49D1-97BC-3654ED321F3B}") = "Home.Bills", "Home.Bills\Home.Bills.xproj", "{440A34CB-2B2C-4B12-8924-58F9427D69BA}"
EndProject
Project("{2150E333-8FDC-42A3-9474-1A3956D46DE8}") = "Application", "Application", "{995E9767-2841-43A6-B73F-B91F15F32545}"
EndProject
Project("{2150E333-8FDC-42A3-9474-1A3956D46DE8}") = "Tests", "Tests", "{667F2FD1-7D4C-4E28-AAD4-F41861437E19}"
EndProject
Project("{8BB2217D-0F2D-49D1-97BC-3654ED321F3B}") = "Home.Bills.Tests", "Home.Bills.Tests\Home.Bills.Tests.xproj", "{63BE03AA-4C1A-4B54-BC66-3D010DD31A7A}"
EndProject
Project("{FAE04EC0-301F-11D3-BF4B-00C04F79EFBC}") = "Home.Bills.Payments.Domain.Tests", "Home.Bills.Payments.Domain.Tests\Home.Bills.Payments.Domain.Tests.csproj", "{DE82CDBE-57A1-4803-A9EF-E08DF0A5E44F}"
EndProject
Project("{FAE04EC0-301F-11D3-BF4B-00C04F79EFBC}") = "Home.Bills.Domain.Messages", "Home.Bills.Domain.Messages\Home.Bills.Domain.Messages.csproj", "{343625A4-2148-4C13-9085-1EA2797F7046}"
EndProject
Project("{FAE04EC0-301F-11D3-BF4B-00C04F79EFBC}") = "Home.Bills.Payments.Acl", "Home.Bills.Payments.Acl\Home.Bills.Payments.Acl.csproj", "{4F7EDD0B-243A-4802-849F-686823729DB3}"
EndProject
Project("{FAE04EC0-301F-11D3-BF4B-00C04F79EFBC}") = "Home.Bills.DataAccess", "Home.Bills.DataAccess\Home.Bills.DataAccess.csproj", "{D3FD2514-61C4-426B-94B7-F08CC97D91B2}"
EndProject
Project("{FAE04EC0-301F-11D3-BF4B-00C04F79EFBC}") = "Home.Bills.Payments.DataAccess", "Home.Bills.Payments.DataAccess\Home.Bills.Payments.DataAccess.csproj", "{C60259B7-287C-4AC3-8018-A51AF693E936}"
EndProject
Project("{2150E333-8FDC-42A3-9474-1A3956D46DE8}") = "Bc.Bills", "Bc.Bills", "{BDA44E70-A2F3-4857-9D13-E86752FE0E5B}"
EndProject
Project("{2150E333-8FDC-42A3-9474-1A3956D46DE8}") = "Bc.Payments", "Bc.Payments", "{14F7DFA5-919D-45CA-A1E6-CBA62AFCE4AE}"
EndProject
Project("{2150E333-8FDC-42A3-9474-1A3956D46DE8}") = "Frameworks", "Frameworks", "{49046DAD-66B5-452E-BEB8-C5EA37766D91}"
EndProject
Project("{2150E333-8FDC-42A3-9474-1A3956D46DE8}") = "Bc.Notifications", "Bc.Notifications", "{C22CF132-4BB6-4F86-9A38-CC1D851B0D0A}"
EndProject
Project("{FAE04EC0-301F-11D3-BF4B-00C04F79EFBC}") = "Home.Bills.Client", "Home.Bills.Client\Home.Bills.Client.csproj", "{8F3DACC6-E1BA-4A51-A613-52D97B15A121}"
EndProject
Project("{8BB2217D-0F2D-49D1-97BC-3654ED321F3B}") = "Home.Bills.Payments", "Home.Bills.Payments\Home.Bills.Payments.xproj", "{79484195-5A9D-417B-B6E6-57A0E94CF597}"
EndProject
Project("{FAE04EC0-301F-11D3-BF4B-00C04F79EFBC}") = "Home.Bills.Payments.Messages", "Home.Bills.Payments.Messages\Home.Bills.Payments.Messages.csproj", "{CB09A61F-C713-469C-95EB-A648AC9AA99D}"
EndProject
Project("{FAE04EC0-301F-11D3-BF4B-00C04F79EFBC}") = "Home.Bills.Notifications.Domain", "Home.Bills.Notifications.Domain\Home.Bills.Notifications.Domain.csproj", "{D2D951AC-0446-4486-B30F-C857CDC367CB}"
EndProject
Project("{8BB2217D-0F2D-49D1-97BC-3654ED321F3B}") = "Home.Bills.Notifications", "Home.Bills.Notifications\Home.Bills.Notifications.xproj", "{70523D06-BCE9-4D19-90B1-25B81C60D0B0}"
EndProject
Project("{FAE04EC0-301F-11D3-BF4B-00C04F79EFBC}") = "Home.Bills.Payments.Client", "Home.Bills.Payments.Client\Home.Bills.Payments.Client.csproj", "{D7E4E4A1-6BB0-49E3-8D53-5FC2E69D390A}"
EndProject
Project("{FAE04EC0-301F-11D3-BF4B-00C04F79EFBC}") = "Home.Bills.Notifications.Acl", "Home.Bills.Notifications.Acl\Home.Bills.Notifications.Acl.csproj", "{45365A1D-3EAC-493C-A2A4-AB08667837B8}"
EndProject
Project("{FAE04EC0-301F-11D3-BF4B-00C04F79EFBC}") = "Home.Bills.Notification.Infrastructure", "Home.Bills.Notification.Infrastructure\Home.Bills.Notification.Infrastructure.csproj", "{3D6F9638-F93A-41DE-92E7-BC0FA7FC6EEE}"
EndProject
Project("{FAE04EC0-301F-11D3-BF4B-00C04F79EFBC}") = "Home.Bills.Notifications.Messages", "Home.Bills.Notifications.Messages\Home.Bills.Notifications.Messages.csproj", "{0B7061E2-D975-40B2-BC87-52B3112C190D}"
EndProject
Global
	GlobalSection(SolutionConfigurationPlatforms) = preSolution
		Debug|Any CPU = Debug|Any CPU
		Release|Any CPU = Release|Any CPU
	EndGlobalSection
	GlobalSection(ProjectConfigurationPlatforms) = postSolution
		{54329B4C-84D2-473C-8187-C900C8207948}.Debug|Any CPU.ActiveCfg = Debug|Any CPU
		{54329B4C-84D2-473C-8187-C900C8207948}.Debug|Any CPU.Build.0 = Debug|Any CPU
		{54329B4C-84D2-473C-8187-C900C8207948}.Release|Any CPU.ActiveCfg = Release|Any CPU
		{54329B4C-84D2-473C-8187-C900C8207948}.Release|Any CPU.Build.0 = Release|Any CPU
		{F030EB37-BD84-4AF7-8B87-420E8C17F582}.Debug|Any CPU.ActiveCfg = Debug|Any CPU
		{F030EB37-BD84-4AF7-8B87-420E8C17F582}.Debug|Any CPU.Build.0 = Debug|Any CPU
		{F030EB37-BD84-4AF7-8B87-420E8C17F582}.Release|Any CPU.ActiveCfg = Release|Any CPU
		{F030EB37-BD84-4AF7-8B87-420E8C17F582}.Release|Any CPU.Build.0 = Release|Any CPU
		{8EB8E52D-0B05-41DB-B488-FC6D5E628E7D}.Debug|Any CPU.ActiveCfg = Debug|Any CPU
		{8EB8E52D-0B05-41DB-B488-FC6D5E628E7D}.Debug|Any CPU.Build.0 = Debug|Any CPU
		{8EB8E52D-0B05-41DB-B488-FC6D5E628E7D}.Release|Any CPU.ActiveCfg = Release|Any CPU
		{8EB8E52D-0B05-41DB-B488-FC6D5E628E7D}.Release|Any CPU.Build.0 = Release|Any CPU
		{6955C978-356F-4813-B0C5-7DF5A3B773B3}.Debug|Any CPU.ActiveCfg = Debug|Any CPU
		{6955C978-356F-4813-B0C5-7DF5A3B773B3}.Debug|Any CPU.Build.0 = Debug|Any CPU
		{6955C978-356F-4813-B0C5-7DF5A3B773B3}.Release|Any CPU.ActiveCfg = Release|Any CPU
		{6955C978-356F-4813-B0C5-7DF5A3B773B3}.Release|Any CPU.Build.0 = Release|Any CPU
		{440A34CB-2B2C-4B12-8924-58F9427D69BA}.Debug|Any CPU.ActiveCfg = Debug|Any CPU
		{440A34CB-2B2C-4B12-8924-58F9427D69BA}.Debug|Any CPU.Build.0 = Debug|Any CPU
		{440A34CB-2B2C-4B12-8924-58F9427D69BA}.Release|Any CPU.ActiveCfg = Release|Any CPU
		{440A34CB-2B2C-4B12-8924-58F9427D69BA}.Release|Any CPU.Build.0 = Release|Any CPU
		{63BE03AA-4C1A-4B54-BC66-3D010DD31A7A}.Debug|Any CPU.ActiveCfg = Debug|Any CPU
		{63BE03AA-4C1A-4B54-BC66-3D010DD31A7A}.Debug|Any CPU.Build.0 = Debug|Any CPU
		{63BE03AA-4C1A-4B54-BC66-3D010DD31A7A}.Release|Any CPU.ActiveCfg = Release|Any CPU
		{63BE03AA-4C1A-4B54-BC66-3D010DD31A7A}.Release|Any CPU.Build.0 = Release|Any CPU
		{DE82CDBE-57A1-4803-A9EF-E08DF0A5E44F}.Debug|Any CPU.ActiveCfg = Debug|Any CPU
		{DE82CDBE-57A1-4803-A9EF-E08DF0A5E44F}.Debug|Any CPU.Build.0 = Debug|Any CPU
		{DE82CDBE-57A1-4803-A9EF-E08DF0A5E44F}.Release|Any CPU.ActiveCfg = Release|Any CPU
		{DE82CDBE-57A1-4803-A9EF-E08DF0A5E44F}.Release|Any CPU.Build.0 = Release|Any CPU
		{343625A4-2148-4C13-9085-1EA2797F7046}.Debug|Any CPU.ActiveCfg = Debug|Any CPU
		{343625A4-2148-4C13-9085-1EA2797F7046}.Debug|Any CPU.Build.0 = Debug|Any CPU
		{343625A4-2148-4C13-9085-1EA2797F7046}.Release|Any CPU.ActiveCfg = Release|Any CPU
		{343625A4-2148-4C13-9085-1EA2797F7046}.Release|Any CPU.Build.0 = Release|Any CPU
		{4F7EDD0B-243A-4802-849F-686823729DB3}.Debug|Any CPU.ActiveCfg = Debug|Any CPU
		{4F7EDD0B-243A-4802-849F-686823729DB3}.Debug|Any CPU.Build.0 = Debug|Any CPU
		{4F7EDD0B-243A-4802-849F-686823729DB3}.Release|Any CPU.ActiveCfg = Release|Any CPU
		{4F7EDD0B-243A-4802-849F-686823729DB3}.Release|Any CPU.Build.0 = Release|Any CPU
		{D3FD2514-61C4-426B-94B7-F08CC97D91B2}.Debug|Any CPU.ActiveCfg = Debug|Any CPU
		{D3FD2514-61C4-426B-94B7-F08CC97D91B2}.Debug|Any CPU.Build.0 = Debug|Any CPU
		{D3FD2514-61C4-426B-94B7-F08CC97D91B2}.Release|Any CPU.ActiveCfg = Release|Any CPU
		{D3FD2514-61C4-426B-94B7-F08CC97D91B2}.Release|Any CPU.Build.0 = Release|Any CPU
		{C60259B7-287C-4AC3-8018-A51AF693E936}.Debug|Any CPU.ActiveCfg = Debug|Any CPU
		{C60259B7-287C-4AC3-8018-A51AF693E936}.Debug|Any CPU.Build.0 = Debug|Any CPU
		{C60259B7-287C-4AC3-8018-A51AF693E936}.Release|Any CPU.ActiveCfg = Release|Any CPU
		{C60259B7-287C-4AC3-8018-A51AF693E936}.Release|Any CPU.Build.0 = Release|Any CPU
		{8F3DACC6-E1BA-4A51-A613-52D97B15A121}.Debug|Any CPU.ActiveCfg = Debug|Any CPU
		{8F3DACC6-E1BA-4A51-A613-52D97B15A121}.Debug|Any CPU.Build.0 = Debug|Any CPU
		{8F3DACC6-E1BA-4A51-A613-52D97B15A121}.Release|Any CPU.ActiveCfg = Release|Any CPU
		{8F3DACC6-E1BA-4A51-A613-52D97B15A121}.Release|Any CPU.Build.0 = Release|Any CPU
		{79484195-5A9D-417B-B6E6-57A0E94CF597}.Debug|Any CPU.ActiveCfg = Debug|Any CPU
		{79484195-5A9D-417B-B6E6-57A0E94CF597}.Debug|Any CPU.Build.0 = Debug|Any CPU
		{79484195-5A9D-417B-B6E6-57A0E94CF597}.Release|Any CPU.ActiveCfg = Release|Any CPU
		{79484195-5A9D-417B-B6E6-57A0E94CF597}.Release|Any CPU.Build.0 = Release|Any CPU
		{CB09A61F-C713-469C-95EB-A648AC9AA99D}.Debug|Any CPU.ActiveCfg = Debug|Any CPU
		{CB09A61F-C713-469C-95EB-A648AC9AA99D}.Debug|Any CPU.Build.0 = Debug|Any CPU
		{CB09A61F-C713-469C-95EB-A648AC9AA99D}.Release|Any CPU.ActiveCfg = Release|Any CPU
		{CB09A61F-C713-469C-95EB-A648AC9AA99D}.Release|Any CPU.Build.0 = Release|Any CPU
		{D2D951AC-0446-4486-B30F-C857CDC367CB}.Debug|Any CPU.ActiveCfg = Debug|Any CPU
		{D2D951AC-0446-4486-B30F-C857CDC367CB}.Debug|Any CPU.Build.0 = Debug|Any CPU
		{D2D951AC-0446-4486-B30F-C857CDC367CB}.Release|Any CPU.ActiveCfg = Release|Any CPU
		{D2D951AC-0446-4486-B30F-C857CDC367CB}.Release|Any CPU.Build.0 = Release|Any CPU
		{70523D06-BCE9-4D19-90B1-25B81C60D0B0}.Debug|Any CPU.ActiveCfg = Debug|Any CPU
		{70523D06-BCE9-4D19-90B1-25B81C60D0B0}.Debug|Any CPU.Build.0 = Debug|Any CPU
		{70523D06-BCE9-4D19-90B1-25B81C60D0B0}.Release|Any CPU.ActiveCfg = Release|Any CPU
		{70523D06-BCE9-4D19-90B1-25B81C60D0B0}.Release|Any CPU.Build.0 = Release|Any CPU
		{D7E4E4A1-6BB0-49E3-8D53-5FC2E69D390A}.Debug|Any CPU.ActiveCfg = Debug|Any CPU
		{D7E4E4A1-6BB0-49E3-8D53-5FC2E69D390A}.Debug|Any CPU.Build.0 = Debug|Any CPU
		{D7E4E4A1-6BB0-49E3-8D53-5FC2E69D390A}.Release|Any CPU.ActiveCfg = Release|Any CPU
		{D7E4E4A1-6BB0-49E3-8D53-5FC2E69D390A}.Release|Any CPU.Build.0 = Release|Any CPU
		{45365A1D-3EAC-493C-A2A4-AB08667837B8}.Debug|Any CPU.ActiveCfg = Debug|Any CPU
		{45365A1D-3EAC-493C-A2A4-AB08667837B8}.Debug|Any CPU.Build.0 = Debug|Any CPU
		{45365A1D-3EAC-493C-A2A4-AB08667837B8}.Release|Any CPU.ActiveCfg = Release|Any CPU
		{45365A1D-3EAC-493C-A2A4-AB08667837B8}.Release|Any CPU.Build.0 = Release|Any CPU
		{3D6F9638-F93A-41DE-92E7-BC0FA7FC6EEE}.Debug|Any CPU.ActiveCfg = Debug|Any CPU
		{3D6F9638-F93A-41DE-92E7-BC0FA7FC6EEE}.Debug|Any CPU.Build.0 = Debug|Any CPU
		{3D6F9638-F93A-41DE-92E7-BC0FA7FC6EEE}.Release|Any CPU.ActiveCfg = Release|Any CPU
		{3D6F9638-F93A-41DE-92E7-BC0FA7FC6EEE}.Release|Any CPU.Build.0 = Release|Any CPU
		{0B7061E2-D975-40B2-BC87-52B3112C190D}.Debug|Any CPU.ActiveCfg = Debug|Any CPU
		{0B7061E2-D975-40B2-BC87-52B3112C190D}.Debug|Any CPU.Build.0 = Debug|Any CPU
		{0B7061E2-D975-40B2-BC87-52B3112C190D}.Release|Any CPU.ActiveCfg = Release|Any CPU
		{0B7061E2-D975-40B2-BC87-52B3112C190D}.Release|Any CPU.Build.0 = Release|Any CPU
	EndGlobalSection
	GlobalSection(SolutionProperties) = preSolution
		HideSolutionNode = FALSE
	EndGlobalSection
	GlobalSection(NestedProjects) = preSolution
		{54329B4C-84D2-473C-8187-C900C8207948} = {BDA44E70-A2F3-4857-9D13-E86752FE0E5B}
		{F030EB37-BD84-4AF7-8B87-420E8C17F582} = {BDA44E70-A2F3-4857-9D13-E86752FE0E5B}
		{8EB8E52D-0B05-41DB-B488-FC6D5E628E7D} = {49046DAD-66B5-452E-BEB8-C5EA37766D91}
		{6955C978-356F-4813-B0C5-7DF5A3B773B3} = {14F7DFA5-919D-45CA-A1E6-CBA62AFCE4AE}
		{440A34CB-2B2C-4B12-8924-58F9427D69BA} = {995E9767-2841-43A6-B73F-B91F15F32545}
		{667F2FD1-7D4C-4E28-AAD4-F41861437E19} = {995E9767-2841-43A6-B73F-B91F15F32545}
		{63BE03AA-4C1A-4B54-BC66-3D010DD31A7A} = {667F2FD1-7D4C-4E28-AAD4-F41861437E19}
		{DE82CDBE-57A1-4803-A9EF-E08DF0A5E44F} = {14F7DFA5-919D-45CA-A1E6-CBA62AFCE4AE}
		{343625A4-2148-4C13-9085-1EA2797F7046} = {BDA44E70-A2F3-4857-9D13-E86752FE0E5B}
		{4F7EDD0B-243A-4802-849F-686823729DB3} = {14F7DFA5-919D-45CA-A1E6-CBA62AFCE4AE}
		{D3FD2514-61C4-426B-94B7-F08CC97D91B2} = {BDA44E70-A2F3-4857-9D13-E86752FE0E5B}
		{C60259B7-287C-4AC3-8018-A51AF693E936} = {14F7DFA5-919D-45CA-A1E6-CBA62AFCE4AE}
		{8F3DACC6-E1BA-4A51-A613-52D97B15A121} = {BDA44E70-A2F3-4857-9D13-E86752FE0E5B}
		{79484195-5A9D-417B-B6E6-57A0E94CF597} = {995E9767-2841-43A6-B73F-B91F15F32545}
		{CB09A61F-C713-469C-95EB-A648AC9AA99D} = {14F7DFA5-919D-45CA-A1E6-CBA62AFCE4AE}
		{D2D951AC-0446-4486-B30F-C857CDC367CB} = {C22CF132-4BB6-4F86-9A38-CC1D851B0D0A}
		{70523D06-BCE9-4D19-90B1-25B81C60D0B0} = {995E9767-2841-43A6-B73F-B91F15F32545}
		{D7E4E4A1-6BB0-49E3-8D53-5FC2E69D390A} = {14F7DFA5-919D-45CA-A1E6-CBA62AFCE4AE}
		{45365A1D-3EAC-493C-A2A4-AB08667837B8} = {C22CF132-4BB6-4F86-9A38-CC1D851B0D0A}
		{3D6F9638-F93A-41DE-92E7-BC0FA7FC6EEE} = {C22CF132-4BB6-4F86-9A38-CC1D851B0D0A}
		{0B7061E2-D975-40B2-BC87-52B3112C190D} = {C22CF132-4BB6-4F86-9A38-CC1D851B0D0A}
	EndGlobalSection
EndGlobal
